
Microsoft Visual Studio Solution File, Format Version 12.00
# Visual Studio Version 17
VisualStudioVersion = 17.1.32328.378
MinimumVisualStudioVersion = 10.0.40219.1
Project("{FAE04EC0-301F-11D3-BF4B-00C04F79EFBC}") = "Estetica_Unicid", "Estetica_Unicid\Estetica_Unicid.csproj", "{861BDB83-AE72-456D-8D8C-C78FD0EA4A1F}"
EndProject
Global
	GlobalSection(SolutionConfigurationPlatforms) = preSolution
		Debug|Any CPU = Debug|Any CPU
		Release|Any CPU = Release|Any CPU
	EndGlobalSection
	GlobalSection(ProjectConfigurationPlatforms) = postSolution
		{861BDB83-AE72-456D-8D8C-C78FD0EA4A1F}.Debug|Any CPU.ActiveCfg = Debug|Any CPU
		{861BDB83-AE72-456D-8D8C-C78FD0EA4A1F}.Debug|Any CPU.Build.0 = Debug|Any CPU
		{861BDB83-AE72-456D-8D8C-C78FD0EA4A1F}.Release|Any CPU.ActiveCfg = Release|Any CPU
		{861BDB83-AE72-456D-8D8C-C78FD0EA4A1F}.Release|Any CPU.Build.0 = Release|Any CPU
	EndGlobalSection
	GlobalSection(SolutionProperties) = preSolution
		HideSolutionNode = FALSE
	EndGlobalSection
	GlobalSection(ExtensibilityGlobals) = postSolution
		SolutionGuid = {8FA0716B-A837-48F4-8BEA-AD548FC3FE6C}
	EndGlobalSection
EndGlobal
